
Microsoft Visual Studio Solution File, Format Version 12.00
# Visual Studio Version 17
VisualStudioVersion = 17.11.35327.3
MinimumVisualStudioVersion = 10.0.40219.1
Project("{FAE04EC0-301F-11D3-BF4B-00C04F79EFBC}") = "T-F Based Calculator", "T-F Based Calculator\T-F Based Calculator.csproj", "{5ABC3839-A1D6-46B4-9ED4-7F44A7984297}"
EndProject
Global
	GlobalSection(SolutionConfigurationPlatforms) = preSolution
		Debug|Any CPU = Debug|Any CPU
		Release|Any CPU = Release|Any CPU
	EndGlobalSection
	GlobalSection(ProjectConfigurationPlatforms) = postSolution
		{5ABC3839-A1D6-46B4-9ED4-7F44A7984297}.Debug|Any CPU.ActiveCfg = Debug|Any CPU
		{5ABC3839-A1D6-46B4-9ED4-7F44A7984297}.Debug|Any CPU.Build.0 = Debug|Any CPU
		{5ABC3839-A1D6-46B4-9ED4-7F44A7984297}.Release|Any CPU.ActiveCfg = Release|Any CPU
		{5ABC3839-A1D6-46B4-9ED4-7F44A7984297}.Release|Any CPU.Build.0 = Release|Any CPU
	EndGlobalSection
	GlobalSection(SolutionProperties) = preSolution
		HideSolutionNode = FALSE
	EndGlobalSection
	GlobalSection(ExtensibilityGlobals) = postSolution
		SolutionGuid = {24F3BDC5-80AB-4A84-937B-D772D15A577D}
	EndGlobalSection
EndGlobal
