
Microsoft Visual Studio Solution File, Format Version 12.00
# Visual Studio Version 17
VisualStudioVersion = 17.11.35327.3
MinimumVisualStudioVersion = 10.0.40219.1
Project("{FAE04EC0-301F-11D3-BF4B-00C04F79EFBC}") = "Simple Calculator", "Simple Calculator\Simple Calculator.csproj", "{68B299B5-2981-4E20-A99B-3DAAD9EAA882}"
EndProject
Global
	GlobalSection(SolutionConfigurationPlatforms) = preSolution
		Debug|Any CPU = Debug|Any CPU
		Release|Any CPU = Release|Any CPU
	EndGlobalSection
	GlobalSection(ProjectConfigurationPlatforms) = postSolution
		{68B299B5-2981-4E20-A99B-3DAAD9EAA882}.Debug|Any CPU.ActiveCfg = Debug|Any CPU
		{68B299B5-2981-4E20-A99B-3DAAD9EAA882}.Debug|Any CPU.Build.0 = Debug|Any CPU
		{68B299B5-2981-4E20-A99B-3DAAD9EAA882}.Release|Any CPU.ActiveCfg = Release|Any CPU
		{68B299B5-2981-4E20-A99B-3DAAD9EAA882}.Release|Any CPU.Build.0 = Release|Any CPU
	EndGlobalSection
	GlobalSection(SolutionProperties) = preSolution
		HideSolutionNode = FALSE
	EndGlobalSection
	GlobalSection(ExtensibilityGlobals) = postSolution
		SolutionGuid = {9D2D59EE-0755-4DA7-AC92-CB3BA4294EA0}
	EndGlobalSection
EndGlobal
