
Microsoft Visual Studio Solution File, Format Version 12.00
# Visual Studio Version 17
VisualStudioVersion = 17.11.35327.3
MinimumVisualStudioVersion = 10.0.40219.1
Project("{FAE04EC0-301F-11D3-BF4B-00C04F79EFBC}") = "Calculator1.1", "Calculator1.1\Calculator1.1.csproj", "{4EB1B99E-5909-43F0-9CC8-903CBCDAAB86}"
EndProject
Global
	GlobalSection(SolutionConfigurationPlatforms) = preSolution
		Debug|Any CPU = Debug|Any CPU
		Release|Any CPU = Release|Any CPU
	EndGlobalSection
	GlobalSection(ProjectConfigurationPlatforms) = postSolution
		{4EB1B99E-5909-43F0-9CC8-903CBCDAAB86}.Debug|Any CPU.ActiveCfg = Debug|Any CPU
		{4EB1B99E-5909-43F0-9CC8-903CBCDAAB86}.Debug|Any CPU.Build.0 = Debug|Any CPU
		{4EB1B99E-5909-43F0-9CC8-903CBCDAAB86}.Release|Any CPU.ActiveCfg = Release|Any CPU
		{4EB1B99E-5909-43F0-9CC8-903CBCDAAB86}.Release|Any CPU.Build.0 = Release|Any CPU
	EndGlobalSection
	GlobalSection(SolutionProperties) = preSolution
		HideSolutionNode = FALSE
	EndGlobalSection
	GlobalSection(ExtensibilityGlobals) = postSolution
		SolutionGuid = {B87F46D3-A4AF-421E-BEC3-BCD5ABA9CB56}
	EndGlobalSection
EndGlobal
